
Microsoft Visual Studio Solution File, Format Version 12.00
# Visual Studio Version 16
VisualStudioVersion = 16.0.30523.141
MinimumVisualStudioVersion = 10.0.40219.1
Project("{FAE04EC0-301F-11D3-BF4B-00C04F79EFBC}") = "invertir_numero_2_cifras", "invertir_numero_2_cifras\invertir_numero_2_cifras.csproj", "{5B82303E-98E5-4BD8-9A83-A44C07ADA5BE}"
EndProject
Global
	GlobalSection(SolutionConfigurationPlatforms) = preSolution
		Debug|Any CPU = Debug|Any CPU
		Release|Any CPU = Release|Any CPU
	EndGlobalSection
	GlobalSection(ProjectConfigurationPlatforms) = postSolution
		{5B82303E-98E5-4BD8-9A83-A44C07ADA5BE}.Debug|Any CPU.ActiveCfg = Debug|Any CPU
		{5B82303E-98E5-4BD8-9A83-A44C07ADA5BE}.Debug|Any CPU.Build.0 = Debug|Any CPU
		{5B82303E-98E5-4BD8-9A83-A44C07ADA5BE}.Release|Any CPU.ActiveCfg = Release|Any CPU
		{5B82303E-98E5-4BD8-9A83-A44C07ADA5BE}.Release|Any CPU.Build.0 = Release|Any CPU
	EndGlobalSection
	GlobalSection(SolutionProperties) = preSolution
		HideSolutionNode = FALSE
	EndGlobalSection
	GlobalSection(ExtensibilityGlobals) = postSolution
		SolutionGuid = {93D992EC-DCDD-4464-AFAA-3864F16464F7}
	EndGlobalSection
EndGlobal
